
Microsoft Visual Studio Solution File, Format Version 12.00
# Visual Studio 15
VisualStudioVersion = 15.0.26430.12
MinimumVisualStudioVersion = 10.0.40219.1
Project("{9A19103F-16F7-4668-BE54-9A1E7A4F7556}") = "Docway.Api", "Docway.Api\Docway.Api.csproj", "{1CF435AD-0950-4B2A-B9DE-D5DCF7254EB9}"
EndProject
Project("{2150E333-8FDC-42A3-9474-1A3956D46DE8}") = "src", "src", "{329C44D8-4157-48D6-A309-FD228E32AE2E}"
EndProject
Project("{2150E333-8FDC-42A3-9474-1A3956D46DE8}") = "4 - Infra", "4 - Infra", "{D4E20C7A-924E-48D3-9BAE-CFD3BCB8E5B3}"
EndProject
Project("{2150E333-8FDC-42A3-9474-1A3956D46DE8}") = "4.1 - Data", "4.1 - Data", "{D90C59AA-4219-4F7C-8CF9-A8CE5E4B8ACE}"
EndProject
Project("{2150E333-8FDC-42A3-9474-1A3956D46DE8}") = "3 - Domain", "3 - Domain", "{BAD43A13-B765-4193-A74F-41910B30EF9B}"
EndProject
Project("{FAE04EC0-301F-11D3-BF4B-00C04F79EFBC}") = "Docway.Infra.Data", "Docway.Infra.Data\Docway.Infra.Data.csproj", "{20201B6D-12E0-4DC9-B598-080A2488AE36}"
EndProject
Project("{FAE04EC0-301F-11D3-BF4B-00C04F79EFBC}") = "Docway.Domain", "Docway.Domain\Docway.Domain.csproj", "{8712FF0E-4210-4D59-9EBD-651DBEEB0FF4}"
EndProject
Project("{FAE04EC0-301F-11D3-BF4B-00C04F79EFBC}") = "Docway.Domain.Core", "Docway.Domain.Core\Docway.Domain.Core.csproj", "{9D76CEC7-C7B2-490D-AFFB-ECE52D18FFA3}"
EndProject
Project("{2150E333-8FDC-42A3-9474-1A3956D46DE8}") = "1 - Presentation", "1 - Presentation", "{4855CE9E-01EF-4DE2-A6BE-87D99DF7BE28}"
EndProject
Project("{2150E333-8FDC-42A3-9474-1A3956D46DE8}") = "2 - Application", "2 - Application", "{BBB774F5-AF33-4A6D-9233-3FEFC89D71BE}"
EndProject
Project("{FAE04EC0-301F-11D3-BF4B-00C04F79EFBC}") = "Dockway.Application", "Dockway.Application\Dockway.Application.csproj", "{C2EDE6B9-7414-459A-9B60-CE3B09F52F61}"
EndProject
Project("{2150E333-8FDC-42A3-9474-1A3956D46DE8}") = "4.2 - CrossCutting", "4.2 - CrossCutting", "{DA583D94-FB70-4A41-ACD5-02B5287A3371}"
EndProject
Project("{FAE04EC0-301F-11D3-BF4B-00C04F79EFBC}") = "Docway.Infra.CrossCutting.Identity", "Docway.Infra.CrossCutting.Identity\Docway.Infra.CrossCutting.Identity.csproj", "{F4B96FEA-FEE3-4054-8FFB-A01A67D45A54}"
EndProject
Project("{2150E333-8FDC-42A3-9474-1A3956D46DE8}") = "4.3 - Email", "4.3 - Email", "{C0A17919-6AC4-40E3-8D39-E5F1B7975502}"
EndProject
Project("{FAE04EC0-301F-11D3-BF4B-00C04F79EFBC}") = "Dockway.Presentation.Authentication", "Dockway.Presentation.Authentication\Dockway.Presentation.Authentication.csproj", "{FC1AD53D-8C39-4AB0-B002-1DFB6A8597AE}"
EndProject
Project("{FAE04EC0-301F-11D3-BF4B-00C04F79EFBC}") = "Docway.Application.Authentication", "Docway.Application.Authentication\Docway.Application.Authentication.csproj", "{2CA095DD-1902-4767-87A1-356648750C83}"
EndProject
Global
	GlobalSection(SolutionConfigurationPlatforms) = preSolution
		Debug|Any CPU = Debug|Any CPU
		Release|Any CPU = Release|Any CPU
	EndGlobalSection
	GlobalSection(ProjectConfigurationPlatforms) = postSolution
		{1CF435AD-0950-4B2A-B9DE-D5DCF7254EB9}.Debug|Any CPU.ActiveCfg = Debug|Any CPU
		{1CF435AD-0950-4B2A-B9DE-D5DCF7254EB9}.Debug|Any CPU.Build.0 = Debug|Any CPU
		{1CF435AD-0950-4B2A-B9DE-D5DCF7254EB9}.Release|Any CPU.ActiveCfg = Release|Any CPU
		{1CF435AD-0950-4B2A-B9DE-D5DCF7254EB9}.Release|Any CPU.Build.0 = Release|Any CPU
		{20201B6D-12E0-4DC9-B598-080A2488AE36}.Debug|Any CPU.ActiveCfg = Debug|Any CPU
		{20201B6D-12E0-4DC9-B598-080A2488AE36}.Debug|Any CPU.Build.0 = Debug|Any CPU
		{20201B6D-12E0-4DC9-B598-080A2488AE36}.Release|Any CPU.ActiveCfg = Release|Any CPU
		{20201B6D-12E0-4DC9-B598-080A2488AE36}.Release|Any CPU.Build.0 = Release|Any CPU
		{8712FF0E-4210-4D59-9EBD-651DBEEB0FF4}.Debug|Any CPU.ActiveCfg = Debug|Any CPU
		{8712FF0E-4210-4D59-9EBD-651DBEEB0FF4}.Debug|Any CPU.Build.0 = Debug|Any CPU
		{8712FF0E-4210-4D59-9EBD-651DBEEB0FF4}.Release|Any CPU.ActiveCfg = Release|Any CPU
		{8712FF0E-4210-4D59-9EBD-651DBEEB0FF4}.Release|Any CPU.Build.0 = Release|Any CPU
		{9D76CEC7-C7B2-490D-AFFB-ECE52D18FFA3}.Debug|Any CPU.ActiveCfg = Debug|Any CPU
		{9D76CEC7-C7B2-490D-AFFB-ECE52D18FFA3}.Debug|Any CPU.Build.0 = Debug|Any CPU
		{9D76CEC7-C7B2-490D-AFFB-ECE52D18FFA3}.Release|Any CPU.ActiveCfg = Release|Any CPU
		{9D76CEC7-C7B2-490D-AFFB-ECE52D18FFA3}.Release|Any CPU.Build.0 = Release|Any CPU
		{C2EDE6B9-7414-459A-9B60-CE3B09F52F61}.Debug|Any CPU.ActiveCfg = Debug|Any CPU
		{C2EDE6B9-7414-459A-9B60-CE3B09F52F61}.Debug|Any CPU.Build.0 = Debug|Any CPU
		{C2EDE6B9-7414-459A-9B60-CE3B09F52F61}.Release|Any CPU.ActiveCfg = Release|Any CPU
		{C2EDE6B9-7414-459A-9B60-CE3B09F52F61}.Release|Any CPU.Build.0 = Release|Any CPU
		{F4B96FEA-FEE3-4054-8FFB-A01A67D45A54}.Debug|Any CPU.ActiveCfg = Debug|Any CPU
		{F4B96FEA-FEE3-4054-8FFB-A01A67D45A54}.Debug|Any CPU.Build.0 = Debug|Any CPU
		{F4B96FEA-FEE3-4054-8FFB-A01A67D45A54}.Release|Any CPU.ActiveCfg = Release|Any CPU
		{F4B96FEA-FEE3-4054-8FFB-A01A67D45A54}.Release|Any CPU.Build.0 = Release|Any CPU
		{FC1AD53D-8C39-4AB0-B002-1DFB6A8597AE}.Debug|Any CPU.ActiveCfg = Debug|Any CPU
		{FC1AD53D-8C39-4AB0-B002-1DFB6A8597AE}.Debug|Any CPU.Build.0 = Debug|Any CPU
		{FC1AD53D-8C39-4AB0-B002-1DFB6A8597AE}.Release|Any CPU.ActiveCfg = Release|Any CPU
		{FC1AD53D-8C39-4AB0-B002-1DFB6A8597AE}.Release|Any CPU.Build.0 = Release|Any CPU
		{2CA095DD-1902-4767-87A1-356648750C83}.Debug|Any CPU.ActiveCfg = Debug|Any CPU
		{2CA095DD-1902-4767-87A1-356648750C83}.Debug|Any CPU.Build.0 = Debug|Any CPU
		{2CA095DD-1902-4767-87A1-356648750C83}.Release|Any CPU.ActiveCfg = Release|Any CPU
		{2CA095DD-1902-4767-87A1-356648750C83}.Release|Any CPU.Build.0 = Release|Any CPU
	EndGlobalSection
	GlobalSection(SolutionProperties) = preSolution
		HideSolutionNode = FALSE
	EndGlobalSection
	GlobalSection(NestedProjects) = preSolution
		{1CF435AD-0950-4B2A-B9DE-D5DCF7254EB9} = {4855CE9E-01EF-4DE2-A6BE-87D99DF7BE28}
		{D4E20C7A-924E-48D3-9BAE-CFD3BCB8E5B3} = {329C44D8-4157-48D6-A309-FD228E32AE2E}
		{D90C59AA-4219-4F7C-8CF9-A8CE5E4B8ACE} = {D4E20C7A-924E-48D3-9BAE-CFD3BCB8E5B3}
		{BAD43A13-B765-4193-A74F-41910B30EF9B} = {329C44D8-4157-48D6-A309-FD228E32AE2E}
		{20201B6D-12E0-4DC9-B598-080A2488AE36} = {D90C59AA-4219-4F7C-8CF9-A8CE5E4B8ACE}
		{8712FF0E-4210-4D59-9EBD-651DBEEB0FF4} = {BAD43A13-B765-4193-A74F-41910B30EF9B}
		{9D76CEC7-C7B2-490D-AFFB-ECE52D18FFA3} = {BAD43A13-B765-4193-A74F-41910B30EF9B}
		{4855CE9E-01EF-4DE2-A6BE-87D99DF7BE28} = {329C44D8-4157-48D6-A309-FD228E32AE2E}
		{BBB774F5-AF33-4A6D-9233-3FEFC89D71BE} = {329C44D8-4157-48D6-A309-FD228E32AE2E}
		{C2EDE6B9-7414-459A-9B60-CE3B09F52F61} = {BBB774F5-AF33-4A6D-9233-3FEFC89D71BE}
		{DA583D94-FB70-4A41-ACD5-02B5287A3371} = {D4E20C7A-924E-48D3-9BAE-CFD3BCB8E5B3}
		{F4B96FEA-FEE3-4054-8FFB-A01A67D45A54} = {DA583D94-FB70-4A41-ACD5-02B5287A3371}
		{C0A17919-6AC4-40E3-8D39-E5F1B7975502} = {D4E20C7A-924E-48D3-9BAE-CFD3BCB8E5B3}
		{FC1AD53D-8C39-4AB0-B002-1DFB6A8597AE} = {4855CE9E-01EF-4DE2-A6BE-87D99DF7BE28}
		{2CA095DD-1902-4767-87A1-356648750C83} = {BBB774F5-AF33-4A6D-9233-3FEFC89D71BE}
	EndGlobalSection
EndGlobal
